
Microsoft Visual Studio Solution File, Format Version 12.00
Project("{FAE04EC0-301F-11D3-BF4B-00C04F79EFBC}") = "Cons", "Cons\Cons.csproj", "{F2E21B65-F3DE-4892-9065-2EDEF967C000}"
EndProject
Global
	GlobalSection(SolutionConfigurationPlatforms) = preSolution
		Debug|Any CPU = Debug|Any CPU
		Release|Any CPU = Release|Any CPU
	EndGlobalSection
	GlobalSection(ProjectConfigurationPlatforms) = postSolution
		{F2E21B65-F3DE-4892-9065-2EDEF967C000}.Debug|Any CPU.ActiveCfg = Debug|Any CPU
		{F2E21B65-F3DE-4892-9065-2EDEF967C000}.Debug|Any CPU.Build.0 = Debug|Any CPU
		{F2E21B65-F3DE-4892-9065-2EDEF967C000}.Release|Any CPU.ActiveCfg = Release|Any CPU
		{F2E21B65-F3DE-4892-9065-2EDEF967C000}.Release|Any CPU.Build.0 = Release|Any CPU
	EndGlobalSection
EndGlobal
